
Microsoft Visual Studio Solution File, Format Version 12.00
# Visual Studio 15
VisualStudioVersion = 15.0.28307.539
MinimumVisualStudioVersion = 10.0.40219.1
Project("{FAE04EC0-301F-11D3-BF4B-00C04F79EFBC}") = "Shop.API", "Shop.API\Shop.API.csproj", "{74513D13-0C1B-4729-925F-FFFF10AB54CD}"
EndProject
Project("{FAE04EC0-301F-11D3-BF4B-00C04F79EFBC}") = "Shop.BLL", "Shop.BLL\Shop.BLL.csproj", "{785988F9-9EFE-4FB9-842F-5B4EF063A303}"
EndProject
Project("{FAE04EC0-301F-11D3-BF4B-00C04F79EFBC}") = "Shop.DAL", "Shop.DAL\Shop.DAL.csproj", "{95ECFF8A-6E3B-4CA2-9F80-DCFF97009065}"
EndProject
Project("{FAE04EC0-301F-11D3-BF4B-00C04F79EFBC}") = "Shop.Tests", "Shop.Tests\Shop.Tests.csproj", "{45F6731F-5689-44C6-A5E0-220351834016}"
EndProject
Global
	GlobalSection(SolutionConfigurationPlatforms) = preSolution
		Debug|Any CPU = Debug|Any CPU
		Release|Any CPU = Release|Any CPU
	EndGlobalSection
	GlobalSection(ProjectConfigurationPlatforms) = postSolution
		{74513D13-0C1B-4729-925F-FFFF10AB54CD}.Debug|Any CPU.ActiveCfg = Debug|Any CPU
		{74513D13-0C1B-4729-925F-FFFF10AB54CD}.Debug|Any CPU.Build.0 = Debug|Any CPU
		{74513D13-0C1B-4729-925F-FFFF10AB54CD}.Release|Any CPU.ActiveCfg = Release|Any CPU
		{74513D13-0C1B-4729-925F-FFFF10AB54CD}.Release|Any CPU.Build.0 = Release|Any CPU
		{785988F9-9EFE-4FB9-842F-5B4EF063A303}.Debug|Any CPU.ActiveCfg = Debug|Any CPU
		{785988F9-9EFE-4FB9-842F-5B4EF063A303}.Debug|Any CPU.Build.0 = Debug|Any CPU
		{785988F9-9EFE-4FB9-842F-5B4EF063A303}.Release|Any CPU.ActiveCfg = Release|Any CPU
		{785988F9-9EFE-4FB9-842F-5B4EF063A303}.Release|Any CPU.Build.0 = Release|Any CPU
		{95ECFF8A-6E3B-4CA2-9F80-DCFF97009065}.Debug|Any CPU.ActiveCfg = Debug|Any CPU
		{95ECFF8A-6E3B-4CA2-9F80-DCFF97009065}.Debug|Any CPU.Build.0 = Debug|Any CPU
		{95ECFF8A-6E3B-4CA2-9F80-DCFF97009065}.Release|Any CPU.ActiveCfg = Release|Any CPU
		{95ECFF8A-6E3B-4CA2-9F80-DCFF97009065}.Release|Any CPU.Build.0 = Release|Any CPU
		{45F6731F-5689-44C6-A5E0-220351834016}.Debug|Any CPU.ActiveCfg = Debug|Any CPU
		{45F6731F-5689-44C6-A5E0-220351834016}.Debug|Any CPU.Build.0 = Debug|Any CPU
		{45F6731F-5689-44C6-A5E0-220351834016}.Release|Any CPU.ActiveCfg = Release|Any CPU
		{45F6731F-5689-44C6-A5E0-220351834016}.Release|Any CPU.Build.0 = Release|Any CPU
	EndGlobalSection
	GlobalSection(SolutionProperties) = preSolution
		HideSolutionNode = FALSE
	EndGlobalSection
	GlobalSection(ExtensibilityGlobals) = postSolution
		SolutionGuid = {1CF640A9-A8C9-48C0-95AB-87F3E641F79C}
	EndGlobalSection
EndGlobal
